
Microsoft Visual Studio Solution File, Format Version 12.00
# Visual Studio Version 17
VisualStudioVersion = 17.10.35122.118
MinimumVisualStudioVersion = 10.0.40219.1
Project("{FAE04EC0-301F-11D3-BF4B-00C04F79EFBC}") = "VibePod.API", "VibePod.API\VibePod.API.csproj", "{FE62490B-8748-4719-BCCB-F0460A14DA07}"
EndProject
Project("{FAE04EC0-301F-11D3-BF4B-00C04F79EFBC}") = "VibePod.Core", "VibePod.Core\VibePod.Core.csproj", "{C6A2F431-3412-4C92-8450-A9C4812A4F6B}"
EndProject
Project("{FAE04EC0-301F-11D3-BF4B-00C04F79EFBC}") = "VibePod.Service", "VibePod.Service\VibePod.Service.csproj", "{7E0450AD-FD1F-4B24-B2E9-B43E8075F179}"
EndProject
Project("{FAE04EC0-301F-11D3-BF4B-00C04F79EFBC}") = "VibePod.Repository", "VibePod.Repository\VibePod.Repository.csproj", "{FE88C4F1-D7E6-4FD8-863D-86369078EAF5}"
EndProject
Global
	GlobalSection(SolutionConfigurationPlatforms) = preSolution
		Debug|Any CPU = Debug|Any CPU
		Release|Any CPU = Release|Any CPU
	EndGlobalSection
	GlobalSection(ProjectConfigurationPlatforms) = postSolution
		{FE62490B-8748-4719-BCCB-F0460A14DA07}.Debug|Any CPU.ActiveCfg = Debug|Any CPU
		{FE62490B-8748-4719-BCCB-F0460A14DA07}.Debug|Any CPU.Build.0 = Debug|Any CPU
		{FE62490B-8748-4719-BCCB-F0460A14DA07}.Release|Any CPU.ActiveCfg = Release|Any CPU
		{FE62490B-8748-4719-BCCB-F0460A14DA07}.Release|Any CPU.Build.0 = Release|Any CPU
		{C6A2F431-3412-4C92-8450-A9C4812A4F6B}.Debug|Any CPU.ActiveCfg = Debug|Any CPU
		{C6A2F431-3412-4C92-8450-A9C4812A4F6B}.Debug|Any CPU.Build.0 = Debug|Any CPU
		{C6A2F431-3412-4C92-8450-A9C4812A4F6B}.Release|Any CPU.ActiveCfg = Release|Any CPU
		{C6A2F431-3412-4C92-8450-A9C4812A4F6B}.Release|Any CPU.Build.0 = Release|Any CPU
		{7E0450AD-FD1F-4B24-B2E9-B43E8075F179}.Debug|Any CPU.ActiveCfg = Debug|Any CPU
		{7E0450AD-FD1F-4B24-B2E9-B43E8075F179}.Debug|Any CPU.Build.0 = Debug|Any CPU
		{7E0450AD-FD1F-4B24-B2E9-B43E8075F179}.Release|Any CPU.ActiveCfg = Release|Any CPU
		{7E0450AD-FD1F-4B24-B2E9-B43E8075F179}.Release|Any CPU.Build.0 = Release|Any CPU
		{FE88C4F1-D7E6-4FD8-863D-86369078EAF5}.Debug|Any CPU.ActiveCfg = Debug|Any CPU
		{FE88C4F1-D7E6-4FD8-863D-86369078EAF5}.Debug|Any CPU.Build.0 = Debug|Any CPU
		{FE88C4F1-D7E6-4FD8-863D-86369078EAF5}.Release|Any CPU.ActiveCfg = Release|Any CPU
		{FE88C4F1-D7E6-4FD8-863D-86369078EAF5}.Release|Any CPU.Build.0 = Release|Any CPU
	EndGlobalSection
	GlobalSection(SolutionProperties) = preSolution
		HideSolutionNode = FALSE
	EndGlobalSection
	GlobalSection(ExtensibilityGlobals) = postSolution
		SolutionGuid = {52E5DEA3-3B00-4331-A01B-32364998A55E}
	EndGlobalSection
EndGlobal
