
Microsoft Visual Studio Solution File, Format Version 12.00
# Visual Studio Version 17
VisualStudioVersion = 17.12.35323.107
MinimumVisualStudioVersion = 10.0.40219.1
Project("{9A19103F-16F7-4668-BE54-9A1E7A4F7556}") = "VibePass.API", "VibePass.API\VibePass.API.csproj", "{5399F036-519D-4565-B864-86A8533ADE63}"
EndProject
Project("{FAE04EC0-301F-11D3-BF4B-00C04F79EFBC}") = "VibePass.Core", "VibePass.Core\VibePass.Core.csproj", "{0880D398-00A7-4DCD-854F-B52F33F6765B}"
EndProject
Project("{FAE04EC0-301F-11D3-BF4B-00C04F79EFBC}") = "VibePass.Service", "VibePass.Service\VibePass.Service.csproj", "{31FC7AB3-9448-4B61-A8EC-55F60082FF35}"
EndProject
Project("{FAE04EC0-301F-11D3-BF4B-00C04F79EFBC}") = "VibePass.Repository", "VibePass.Repository\VibePass.Repository.csproj", "{263BCF12-3D68-4EBB-B8EC-479A871B83B3}"
EndProject
Global
	GlobalSection(SolutionConfigurationPlatforms) = preSolution
		Debug|Any CPU = Debug|Any CPU
		Release|Any CPU = Release|Any CPU
	EndGlobalSection
	GlobalSection(ProjectConfigurationPlatforms) = postSolution
		{5399F036-519D-4565-B864-86A8533ADE63}.Debug|Any CPU.ActiveCfg = Debug|Any CPU
		{5399F036-519D-4565-B864-86A8533ADE63}.Debug|Any CPU.Build.0 = Debug|Any CPU
		{5399F036-519D-4565-B864-86A8533ADE63}.Release|Any CPU.ActiveCfg = Release|Any CPU
		{5399F036-519D-4565-B864-86A8533ADE63}.Release|Any CPU.Build.0 = Release|Any CPU
		{0880D398-00A7-4DCD-854F-B52F33F6765B}.Debug|Any CPU.ActiveCfg = Debug|Any CPU
		{0880D398-00A7-4DCD-854F-B52F33F6765B}.Debug|Any CPU.Build.0 = Debug|Any CPU
		{0880D398-00A7-4DCD-854F-B52F33F6765B}.Release|Any CPU.ActiveCfg = Release|Any CPU
		{0880D398-00A7-4DCD-854F-B52F33F6765B}.Release|Any CPU.Build.0 = Release|Any CPU
		{31FC7AB3-9448-4B61-A8EC-55F60082FF35}.Debug|Any CPU.ActiveCfg = Debug|Any CPU
		{31FC7AB3-9448-4B61-A8EC-55F60082FF35}.Debug|Any CPU.Build.0 = Debug|Any CPU
		{31FC7AB3-9448-4B61-A8EC-55F60082FF35}.Release|Any CPU.ActiveCfg = Release|Any CPU
		{31FC7AB3-9448-4B61-A8EC-55F60082FF35}.Release|Any CPU.Build.0 = Release|Any CPU
		{263BCF12-3D68-4EBB-B8EC-479A871B83B3}.Debug|Any CPU.ActiveCfg = Debug|Any CPU
		{263BCF12-3D68-4EBB-B8EC-479A871B83B3}.Debug|Any CPU.Build.0 = Debug|Any CPU
		{263BCF12-3D68-4EBB-B8EC-479A871B83B3}.Release|Any CPU.ActiveCfg = Release|Any CPU
		{263BCF12-3D68-4EBB-B8EC-479A871B83B3}.Release|Any CPU.Build.0 = Release|Any CPU
	EndGlobalSection
	GlobalSection(SolutionProperties) = preSolution
		HideSolutionNode = FALSE
	EndGlobalSection
	GlobalSection(ExtensibilityGlobals) = postSolution
		SolutionGuid = {183430E1-5DF7-4D41-AAB1-CD8266DDEEE9}
	EndGlobalSection
EndGlobal
