
Microsoft Visual Studio Solution File, Format Version 12.00
# Visual Studio Version 17
VisualStudioVersion = 17.12.35323.107
MinimumVisualStudioVersion = 10.0.40219.1
Project("{9A19103F-16F7-4668-BE54-9A1E7A4F7556}") = "VibePass.API", "VibePass.API\VibePass.API.csproj", "{5399F036-519D-4565-B864-86A8533ADE63}"
EndProject
Project("{9A19103F-16F7-4668-BE54-9A1E7A4F7556}") = "VibePass.Core", "VibePass.Core\VibePass.Core.csproj", "{D375B11F-4DAE-40B0-A6F0-D93573FB8080}"
EndProject
Project("{9A19103F-16F7-4668-BE54-9A1E7A4F7556}") = "VibePass.Repository", "VibePass.Repository\VibePass.Repository.csproj", "{558E7E87-622C-4458-B122-6BE68369A876}"
EndProject
Project("{9A19103F-16F7-4668-BE54-9A1E7A4F7556}") = "VibePass.Service", "VibePass.Service\VibePass.Service.csproj", "{CA063F8E-3F23-4BAF-8FC9-6EE10E6F2605}"
EndProject
Global
	GlobalSection(SolutionConfigurationPlatforms) = preSolution
		Debug|Any CPU = Debug|Any CPU
		Release|Any CPU = Release|Any CPU
	EndGlobalSection
	GlobalSection(ProjectConfigurationPlatforms) = postSolution
		{5399F036-519D-4565-B864-86A8533ADE63}.Debug|Any CPU.ActiveCfg = Debug|Any CPU
		{5399F036-519D-4565-B864-86A8533ADE63}.Debug|Any CPU.Build.0 = Debug|Any CPU
		{5399F036-519D-4565-B864-86A8533ADE63}.Release|Any CPU.ActiveCfg = Release|Any CPU
		{5399F036-519D-4565-B864-86A8533ADE63}.Release|Any CPU.Build.0 = Release|Any CPU
		{D375B11F-4DAE-40B0-A6F0-D93573FB8080}.Debug|Any CPU.ActiveCfg = Debug|Any CPU
		{D375B11F-4DAE-40B0-A6F0-D93573FB8080}.Debug|Any CPU.Build.0 = Debug|Any CPU
		{D375B11F-4DAE-40B0-A6F0-D93573FB8080}.Release|Any CPU.ActiveCfg = Release|Any CPU
		{D375B11F-4DAE-40B0-A6F0-D93573FB8080}.Release|Any CPU.Build.0 = Release|Any CPU
		{558E7E87-622C-4458-B122-6BE68369A876}.Debug|Any CPU.ActiveCfg = Debug|Any CPU
		{558E7E87-622C-4458-B122-6BE68369A876}.Debug|Any CPU.Build.0 = Debug|Any CPU
		{558E7E87-622C-4458-B122-6BE68369A876}.Release|Any CPU.ActiveCfg = Release|Any CPU
		{558E7E87-622C-4458-B122-6BE68369A876}.Release|Any CPU.Build.0 = Release|Any CPU
		{CA063F8E-3F23-4BAF-8FC9-6EE10E6F2605}.Debug|Any CPU.ActiveCfg = Debug|Any CPU
		{CA063F8E-3F23-4BAF-8FC9-6EE10E6F2605}.Debug|Any CPU.Build.0 = Debug|Any CPU
		{CA063F8E-3F23-4BAF-8FC9-6EE10E6F2605}.Release|Any CPU.ActiveCfg = Release|Any CPU
		{CA063F8E-3F23-4BAF-8FC9-6EE10E6F2605}.Release|Any CPU.Build.0 = Release|Any CPU
	EndGlobalSection
	GlobalSection(SolutionProperties) = preSolution
		HideSolutionNode = FALSE
	EndGlobalSection
	GlobalSection(ExtensibilityGlobals) = postSolution
		SolutionGuid = {183430E1-5DF7-4D41-AAB1-CD8266DDEEE9}
	EndGlobalSection
EndGlobal
